
Microsoft Visual Studio Solution File, Format Version 12.00
# Visual Studio Version 17
VisualStudioVersion = 17.6.33815.320
MinimumVisualStudioVersion = 10.0.40219.1
Project("{FAE04EC0-301F-11D3-BF4B-00C04F79EFBC}") = "MVCProject", "MVCProject\MVCProject.csproj", "{F952FF5A-797E-4B8C-A046-C416C38C563F}"
EndProject
Global
	GlobalSection(SolutionConfigurationPlatforms) = preSolution
		Debug|Any CPU = Debug|Any CPU
		Release|Any CPU = Release|Any CPU
	EndGlobalSection
	GlobalSection(ProjectConfigurationPlatforms) = postSolution
		{F952FF5A-797E-4B8C-A046-C416C38C563F}.Debug|Any CPU.ActiveCfg = Debug|Any CPU
		{F952FF5A-797E-4B8C-A046-C416C38C563F}.Debug|Any CPU.Build.0 = Debug|Any CPU
		{F952FF5A-797E-4B8C-A046-C416C38C563F}.Release|Any CPU.ActiveCfg = Release|Any CPU
		{F952FF5A-797E-4B8C-A046-C416C38C563F}.Release|Any CPU.Build.0 = Release|Any CPU
	EndGlobalSection
	GlobalSection(SolutionProperties) = preSolution
		HideSolutionNode = FALSE
	EndGlobalSection
	GlobalSection(ExtensibilityGlobals) = postSolution
		SolutionGuid = {E06513C9-28E9-41E1-849A-DFF38B3FE6E0}
	EndGlobalSection
EndGlobal
